
Microsoft Visual Studio Solution File, Format Version 12.00
# Visual Studio 15
VisualStudioVersion = 15.0.27703.2026
MinimumVisualStudioVersion = 10.0.40219.1
Project("{9A19103F-16F7-4668-BE54-9A1E7A4F7556}") = "MovieModelAssignment", "ConsoleApp13\MovieModelAssignment.csproj", "{71A5DE58-8BCC-486C-BA43-6D1D866DA869}"
EndProject
Global
	GlobalSection(SolutionConfigurationPlatforms) = preSolution
		Debug|Any CPU = Debug|Any CPU
		Release|Any CPU = Release|Any CPU
	EndGlobalSection
	GlobalSection(ProjectConfigurationPlatforms) = postSolution
		{71A5DE58-8BCC-486C-BA43-6D1D866DA869}.Debug|Any CPU.ActiveCfg = Debug|Any CPU
		{71A5DE58-8BCC-486C-BA43-6D1D866DA869}.Debug|Any CPU.Build.0 = Debug|Any CPU
		{71A5DE58-8BCC-486C-BA43-6D1D866DA869}.Release|Any CPU.ActiveCfg = Release|Any CPU
		{71A5DE58-8BCC-486C-BA43-6D1D866DA869}.Release|Any CPU.Build.0 = Release|Any CPU
	EndGlobalSection
	GlobalSection(SolutionProperties) = preSolution
		HideSolutionNode = FALSE
	EndGlobalSection
	GlobalSection(ExtensibilityGlobals) = postSolution
		SolutionGuid = {C2DAFF5F-96E3-41B9-84D5-1E8D453EFADA}
	EndGlobalSection
EndGlobal
